
Microsoft Visual Studio Solution File, Format Version 12.00
# Visual Studio Version 17
VisualStudioVersion = 17.11.35431.28
MinimumVisualStudioVersion = 10.0.40219.1
Project("{FAE04EC0-301F-11D3-BF4B-00C04F79EFBC}") = "AspNetUserSessions", "AspNetUserSessions\AspNetUserSessions.csproj", "{681D5C6D-2C96-45B9-81E7-708F45620EBF}"
EndProject
Project("{FAE04EC0-301F-11D3-BF4B-00C04F79EFBC}") = "Tests", "Tests\Tests.csproj", "{8B39B35F-8895-4D76-9256-984317986070}"
EndProject
Global
	GlobalSection(SolutionConfigurationPlatforms) = preSolution
		Debug|Any CPU = Debug|Any CPU
		Release|Any CPU = Release|Any CPU
	EndGlobalSection
	GlobalSection(ProjectConfigurationPlatforms) = postSolution
		{681D5C6D-2C96-45B9-81E7-708F45620EBF}.Debug|Any CPU.ActiveCfg = Debug|Any CPU
		{681D5C6D-2C96-45B9-81E7-708F45620EBF}.Debug|Any CPU.Build.0 = Debug|Any CPU
		{681D5C6D-2C96-45B9-81E7-708F45620EBF}.Release|Any CPU.ActiveCfg = Release|Any CPU
		{681D5C6D-2C96-45B9-81E7-708F45620EBF}.Release|Any CPU.Build.0 = Release|Any CPU
		{8B39B35F-8895-4D76-9256-984317986070}.Debug|Any CPU.ActiveCfg = Debug|Any CPU
		{8B39B35F-8895-4D76-9256-984317986070}.Debug|Any CPU.Build.0 = Debug|Any CPU
		{8B39B35F-8895-4D76-9256-984317986070}.Release|Any CPU.ActiveCfg = Release|Any CPU
		{8B39B35F-8895-4D76-9256-984317986070}.Release|Any CPU.Build.0 = Release|Any CPU
	EndGlobalSection
	GlobalSection(SolutionProperties) = preSolution
		HideSolutionNode = FALSE
	EndGlobalSection
	GlobalSection(ExtensibilityGlobals) = postSolution
		SolutionGuid = {0AB2EC1D-379D-4441-ADB4-E342B18BA452}
	EndGlobalSection
EndGlobal
